
Microsoft Visual Studio Solution File, Format Version 12.00
# Visual Studio Version 17
VisualStudioVersion = 17.9.34728.123
MinimumVisualStudioVersion = 10.0.40219.1
Project("{9A19103F-16F7-4668-BE54-9A1E7A4F7556}") = "AutoUploadScreenshotToDiscord", "AutoUploadScreenshotToDiscord\AutoUploadScreenshotToDiscord.csproj", "{CE3CFB1C-0CB3-42AE-BA77-A075E3993FDD}"
EndProject
Project("{2150E333-8FDC-42A3-9474-1A3956D46DE8}") = "Éléments de solution", "Éléments de solution", "{381ED8BF-C7B1-4424-A7A9-2FC3E466CFF6}"
	ProjectSection(SolutionItems) = preProject
		api.cs = api.cs
	EndProjectSection
EndProject
Global
	GlobalSection(SolutionConfigurationPlatforms) = preSolution
		Debug|Any CPU = Debug|Any CPU
		Publish|Any CPU = Publish|Any CPU
		Release|Any CPU = Release|Any CPU
	EndGlobalSection
	GlobalSection(ProjectConfigurationPlatforms) = postSolution
		{CE3CFB1C-0CB3-42AE-BA77-A075E3993FDD}.Debug|Any CPU.ActiveCfg = Debug|Any CPU
		{CE3CFB1C-0CB3-42AE-BA77-A075E3993FDD}.Debug|Any CPU.Build.0 = Debug|Any CPU
		{CE3CFB1C-0CB3-42AE-BA77-A075E3993FDD}.Publish|Any CPU.ActiveCfg = Publish|Any CPU
		{CE3CFB1C-0CB3-42AE-BA77-A075E3993FDD}.Publish|Any CPU.Build.0 = Publish|Any CPU
		{CE3CFB1C-0CB3-42AE-BA77-A075E3993FDD}.Release|Any CPU.ActiveCfg = Release|Any CPU
		{CE3CFB1C-0CB3-42AE-BA77-A075E3993FDD}.Release|Any CPU.Build.0 = Release|Any CPU
	EndGlobalSection
	GlobalSection(SolutionProperties) = preSolution
		HideSolutionNode = FALSE
	EndGlobalSection
	GlobalSection(ExtensibilityGlobals) = postSolution
		SolutionGuid = {0004E513-4622-4CAB-A983-E3B84DA0C3BA}
	EndGlobalSection
EndGlobal
